Microsoft Visual Studio Solution File, Format Version 12.00
Project("{FAE04EC0-301F-11D3-BF4B-00C04F79EFBC}") = "DiscountEngine", "src\DiscountEngine\DiscountEngine.csproj", "{A1A1A1A1-A1A1-A1A1-A1A1-A1A1A1A1A1A1}"
EndProject
Project("{FAE04EC0-301F-11D3-BF4B-00C04F79EFBC}") = "DiscountEngine.Tests", "tests\DiscountEngine.Tests\DiscountEngine.Tests.csproj", "{B2B2B2B2-B2B2-B2B2-B2B2-B2B2B2B2B2B2}"
EndProject
Global
    GlobalSection(SolutionConfigurationPlatforms) = preSolution
        Debug|Any CPU = Debug|Any CPU
        Release|Any CPU = Release|Any CPU
    EndGlobalSection
EndGlobal
